
Microsoft Visual Studio Solution File, Format Version 12.00
# Visual Studio Version 17
VisualStudioVersion = 17.0.31903.59
MinimumVisualStudioVersion = 10.0.40219.1
Project("{FAE04EC0-301F-11D3-BF4B-00C04F79EFBC}") = "dotnet8-polly-resilient-app.client", "dotnet8-polly-resilient-app.client\dotnet8-polly-resilient-app.client.csproj", "{524441A5-C333-4299-BE72-FD5AA2BD075C}"
EndProject
Project("{FAE04EC0-301F-11D3-BF4B-00C04F79EFBC}") = "dotnet8-polly-resilient-app.server", "dotnet8-polly-resilient-app.server\dotnet8-polly-resilient-app.server.csproj", "{A2AFD794-267F-4337-9D7B-EC3A26146607}"
EndProject
Global
	GlobalSection(SolutionConfigurationPlatforms) = preSolution
		Debug|Any CPU = Debug|Any CPU
		Release|Any CPU = Release|Any CPU
	EndGlobalSection
	GlobalSection(SolutionProperties) = preSolution
		HideSolutionNode = FALSE
	EndGlobalSection
	GlobalSection(ProjectConfigurationPlatforms) = postSolution
		{524441A5-C333-4299-BE72-FD5AA2BD075C}.Debug|Any CPU.ActiveCfg = Debug|Any CPU
		{524441A5-C333-4299-BE72-FD5AA2BD075C}.Debug|Any CPU.Build.0 = Debug|Any CPU
		{524441A5-C333-4299-BE72-FD5AA2BD075C}.Release|Any CPU.ActiveCfg = Release|Any CPU
		{524441A5-C333-4299-BE72-FD5AA2BD075C}.Release|Any CPU.Build.0 = Release|Any CPU
		{A2AFD794-267F-4337-9D7B-EC3A26146607}.Debug|Any CPU.ActiveCfg = Debug|Any CPU
		{A2AFD794-267F-4337-9D7B-EC3A26146607}.Debug|Any CPU.Build.0 = Debug|Any CPU
		{A2AFD794-267F-4337-9D7B-EC3A26146607}.Release|Any CPU.ActiveCfg = Release|Any CPU
		{A2AFD794-267F-4337-9D7B-EC3A26146607}.Release|Any CPU.Build.0 = Release|Any CPU
	EndGlobalSection
EndGlobal
